version = 1
revision = 2
requires-python = ">=3.11"

[[package]]
name = "colorama"
version = "0.4.6"
source = { registry = "https://pypi.org/simple" }
sdist = { url = "https://files.pythonhosted.org/packages/d8/53/6f443c9a4a8358a93a6792e2acffb9d9d5cb0a5cfd8802644b7b1c9a02e4/colorama-0.4.6.tar.gz", hash = "sha256:08695f5cb7ed6e0531a20572697297273c47b8cae5a63ffc6d6ed5c201be6e44", size = 27697, upload-time = "2022-10-25T02:36:22.414Z" }
wheels = [
    { url = "https://files.pythonhosted.org/packages/d1/d6/3965ed04c63042e047cb6a3e6ed1a63a35087b6a609aa3a15ed8ac56c221/colorama-0.4.6-py2.py3-none-any.whl", hash = "sha256:4f1d9991f5acc0ca119f9d443620b77f9d6b33703e51011c16baf57afb285fc6", size = 25335, upload-time = "2022-10-25T02:36:20.889Z" },
]

[[package]]
name = "core-nlp"
version = "0.1.0"
source = { virtual = "." }
dependencies = [
    { name = "huggingface" },
    { name = "regex" },
    { name = "unicodedata2" },
]

[package.dev-dependencies]
dev = [
    { name = "pytest" },
    { name = "ruff" },
]

[package.metadata]
requires-dist = [
    { name = "huggingface", specifier = ">=0.0.1" },
    { name = "regex", specifier = ">=2025.9.1" },
    { name = "unicodedata2", specifier = ">=16.0.0" },
]

[package.metadata.requires-dev]
dev = [
    { name = "pytest", specifier = ">=8.4.1" },
    { name = "ruff", specifier = ">=0.12.11" },
]

[[package]]
name = "huggingface"
version = "0.0.1"
source = { registry = "https://pypi.org/simple" }
sdist = { url = "https://files.pythonhosted.org/packages/9d/a4/168b574a23c1841fab5b24ecac98a88ea626ea3c746c481f79eb360c81f2/huggingface-0.0.1.tar.gz", hash = "sha256:0a2f228fd956801d68b7c6a8bef478dfa60c4b7d7eba572ea7de39ecf87e505a", size = 2320, upload-time = "2020-12-18T18:37:00.599Z" }
wheels = [
    { url = "https://files.pythonhosted.org/packages/f4/8c/e61fbc39c0a37140e1d4941c4af29e2d53bacf9f4559e3de24d8f4e484f0/huggingface-0.0.1-py3-none-any.whl", hash = "sha256:98a3409537557cd2fd768997ef94cab08529f86c5e106e6d54bbabdd5ee03910", size = 2455, upload-time = "2020-12-18T18:36:59.096Z" },
]

[[package]]
name = "iniconfig"
version = "2.1.0"
source = { registry = "https://pypi.org/simple" }
sdist = { url = "https://files.pythonhosted.org/packages/f2/97/ebf4da567aa6827c909642694d71c9fcf53e5b504f2d96afea02718862f3/iniconfig-2.1.0.tar.gz", hash = "sha256:3abbd2e30b36733fee78f9c7f7308f2d0050e88f0087fd25c2645f63c773e1c7", size = 4793, upload-time = "2025-03-19T20:09:59.721Z" }
wheels = [
    { url = "https://files.pythonhosted.org/packages/2c/e1/e6716421ea10d38022b952c159d5161ca1193197fb744506875fbb87ea7b/iniconfig-2.1.0-py3-none-any.whl", hash = "sha256:9deba5723312380e77435581c6bf4935c94cbfab9b1ed33ef8d238ea168eb760", size = 6050, upload-time = "2025-03-19T20:10:01.071Z" },
]

[[package]]
name = "packaging"
version = "25.0"
source = { registry = "https://pypi.org/simple" }
sdist = { url = "https://files.pythonhosted.org/packages/a1/d4/1fc4078c65507b51b96ca8f8c3ba19e6a61c8253c72794544580a7b6c24d/packaging-25.0.tar.gz", hash = "sha256:d443872c98d677bf60f6a1f2f8c1cb748e8fe762d2bf9d3148b5599295b0fc4f", size = 165727, upload-time = "2025-04-19T11:48:59.673Z" }
wheels = [
    { url = "https://files.pythonhosted.org/packages/20/12/38679034af332785aac8774540895e234f4d07f7545804097de4b666afd8/packaging-25.0-py3-none-any.whl", hash = "sha256:29572ef2b1f17581046b3a2227d5c611fb25ec70ca1ba8554b24b0e69331a484", size = 66469, upload-time = "2025-04-19T11:48:57.875Z" },
]

[[package]]
name = "pluggy"
version = "1.6.0"
source = { registry = "https://pypi.org/simple" }
sdist = { url = "https://files.pythonhosted.org/packages/f9/e2/3e91f31a7d2b083fe6ef3fa267035b518369d9511ffab804f839851d2779/pluggy-1.6.0.tar.gz", hash = "sha256:7dcc130b76258d33b90f61b658791dede3486c3e6bfb003ee5c9bfb396dd22f3", size = 69412, upload-time = "2025-05-15T12:30:07.975Z" }
wheels = [
    { url = "https://files.pythonhosted.org/packages/54/20/4d324d65cc6d9205fabedc306948156824eb9f0ee1633355a8f7ec5c66bf/pluggy-1.6.0-py3-none-any.whl", hash = "sha256:e920276dd6813095e9377c0bc5566d94c932c33b27a3e3945d8389c374dd4746", size = 20538, upload-time = "2025-05-15T12:30:06.134Z" },
]

[[package]]
name = "pygments"
version = "2.19.2"
source = { registry = "https://pypi.org/simple" }
sdist = { url = "https://files.pythonhosted.org/packages/b0/77/a5b8c569bf593b0140bde72ea885a803b82086995367bf2037de0159d924/pygments-2.19.2.tar.gz", hash = "sha256:636cb2477cec7f8952536970bc533bc43743542f70392ae026374600add5b887", size = 4968631, upload-time = "2025-06-21T13:39:12.283Z" }
wheels = [
    { url = "https://files.pythonhosted.org/packages/c7/21/705964c7812476f378728bdf590ca4b771ec72385c533964653c68e86bdc/pygments-2.19.2-py3-none-any.whl", hash = "sha256:86540386c03d588bb81d44bc3928634ff26449851e99741617ecb9037ee5ec0b", size = 1225217, upload-time = "2025-06-21T13:39:07.939Z" },
]

[[package]]
name = "pytest"
version = "8.4.1"
source = { registry = "https://pypi.org/simple" }
dependencies = [
    { name = "colorama", marker = "sys_platform == 'win32'" },
    { name = "iniconfig" },
    { name = "packaging" },
    { name = "pluggy" },
    { name = "pygments" },
]
sdist = { url = "https://files.pythonhosted.org/packages/08/ba/45911d754e8eba3d5a841a5ce61a65a685ff1798421ac054f85aa8747dfb/pytest-8.4.1.tar.gz", hash = "sha256:7c67fd69174877359ed9371ec3af8a3d2b04741818c51e5e99cc1742251fa93c", size = 1517714, upload-time = "2025-06-18T05:48:06.109Z" }
wheels = [
    { url = "https://files.pythonhosted.org/packages/29/16/c8a903f4c4dffe7a12843191437d7cd8e32751d5de349d45d3fe69544e87/pytest-8.4.1-py3-none-any.whl", hash = "sha256:539c70ba6fcead8e78eebbf1115e8b589e7565830d7d006a8723f19ac8a0afb7", size = 365474, upload-time = "2025-06-18T05:48:03.955Z" },
]

[[package]]
name = "regex"
version = "2025.9.1"
source = { registry = "https://pypi.org/simple" }
sdist = { url = "https://files.pythonhosted.org/packages/b2/5a/4c63457fbcaf19d138d72b2e9b39405954f98c0349b31c601bfcb151582c/regex-2025.9.1.tar.gz", hash = "sha256:88ac07b38d20b54d79e704e38aa3bd2c0f8027432164226bdee201a1c0c9c9ff", size = 400852, upload-time = "2025-09-01T22:10:10.479Z" }
wheels = [
    { url = "https://files.pythonhosted.org/packages/06/4d/f741543c0c59f96c6625bc6c11fea1da2e378b7d293ffff6f318edc0ce14/regex-2025.9.1-cp311-cp311-macosx_10_9_universal2.whl", hash = "sha256:e5bcf112b09bfd3646e4db6bf2e598534a17d502b0c01ea6550ba4eca780c5e6", size = 484811, upload-time = "2025-09-01T22:08:12.834Z" },
    { url = "https://files.pythonhosted.org/packages/c2/bd/27e73e92635b6fbd51afc26a414a3133243c662949cd1cda677fe7bb09bd/regex-2025.9.1-cp311-cp311-macosx_10_9_x86_64.whl", hash = "sha256:67a0295a3c31d675a9ee0238d20238ff10a9a2fdb7a1323c798fc7029578b15c", size = 288977, upload-time = "2025-09-01T22:08:14.499Z" },
    { url = "https://files.pythonhosted.org/packages/eb/7d/7dc0c6efc8bc93cd6e9b947581f5fde8a5dbaa0af7c4ec818c5729fdc807/regex-2025.9.1-cp311-cp311-macosx_11_0_arm64.whl", hash = "sha256:ea8267fbadc7d4bd7c1301a50e85c2ff0de293ff9452a1a9f8d82c6cafe38179", size = 286606, upload-time = "2025-09-01T22:08:15.881Z" },
    { url = "https://files.pythonhosted.org/packages/d1/01/9b5c6dd394f97c8f2c12f6e8f96879c9ac27292a718903faf2e27a0c09f6/regex-2025.9.1-cp311-cp311-manylinux2014_aarch64.manylinux_2_17_aarch64.manylinux_2_28_aarch64.whl", hash = "sha256:6aeff21de7214d15e928fb5ce757f9495214367ba62875100d4c18d293750cc1", size = 792436, upload-time = "2025-09-01T22:08:17.38Z" },
    { url = "https://files.pythonhosted.org/packages/fc/24/b7430cfc6ee34bbb3db6ff933beb5e7692e5cc81e8f6f4da63d353566fb0/regex-2025.9.1-cp311-cp311-manylinux2014_ppc64le.manylinux_2_17_ppc64le.manylinux_2_28_ppc64le.whl", hash = "sha256:d89f1bbbbbc0885e1c230f7770d5e98f4f00b0ee85688c871d10df8b184a6323", size = 858705, upload-time = "2025-09-01T22:08:19.037Z" },
    { url = "https://files.pythonhosted.org/packages/d6/98/155f914b4ea6ae012663188545c4f5216c11926d09b817127639d618b003/regex-2025.9.1-cp311-cp311-manylinux2014_s390x.manylinux_2_17_s390x.manylinux_2_28_s390x.whl", hash = "sha256:ca3affe8ddea498ba9d294ab05f5f2d3b5ad5d515bc0d4a9016dd592a03afe52", size = 905881, upload-time = "2025-09-01T22:08:20.377Z" },
    { url = "https://files.pythonhosted.org/packages/8a/a7/a470e7bc8259c40429afb6d6a517b40c03f2f3e455c44a01abc483a1c512/regex-2025.9.1-cp311-cp311-manylinux2014_x86_64.manylinux_2_17_x86_64.manylinux_2_28_x86_64.whl", hash = "sha256:91892a7a9f0a980e4c2c85dd19bc14de2b219a3a8867c4b5664b9f972dcc0c78", size = 798968, upload-time = "2025-09-01T22:08:22.081Z" },
    { url = "https://files.pythonhosted.org/packages/1d/fa/33f6fec4d41449fea5f62fdf5e46d668a1c046730a7f4ed9f478331a8e3a/regex-2025.9.1-cp311-cp311-musllinux_1_2_aarch64.whl", hash = "sha256:e1cb40406f4ae862710615f9f636c1e030fd6e6abe0e0f65f6a695a2721440c6", size = 781884, upload-time = "2025-09-01T22:08:23.832Z" },
    { url = "https://files.pythonhosted.org/packages/42/de/2b45f36ab20da14eedddf5009d370625bc5942d9953fa7e5037a32d66843/regex-2025.9.1-cp311-cp311-musllinux_1_2_ppc64le.whl", hash = "sha256:94f6cff6f7e2149c7e6499a6ecd4695379eeda8ccbccb9726e8149f2fe382e92", size = 852935, upload-time = "2025-09-01T22:08:25.536Z" },
    { url = "https://files.pythonhosted.org/packages/1e/f9/878f4fc92c87e125e27aed0f8ee0d1eced9b541f404b048f66f79914475a/regex-2025.9.1-cp311-cp311-musllinux_1_2_s390x.whl", hash = "sha256:6c0226fb322b82709e78c49cc33484206647f8a39954d7e9de1567f5399becd0", size = 844340, upload-time = "2025-09-01T22:08:27.141Z" },
    { url = "https://files.pythonhosted.org/packages/90/c2/5b6f2bce6ece5f8427c718c085eca0de4bbb4db59f54db77aa6557aef3e9/regex-2025.9.1-cp311-cp311-musllinux_1_2_x86_64.whl", hash = "sha256:a12f59c7c380b4fcf7516e9cbb126f95b7a9518902bcf4a852423ff1dcd03e6a", size = 787238, upload-time = "2025-09-01T22:08:28.75Z" },
    { url = "https://files.pythonhosted.org/packages/47/66/1ef1081c831c5b611f6f55f6302166cfa1bc9574017410ba5595353f846a/regex-2025.9.1-cp311-cp311-win32.whl", hash = "sha256:49865e78d147a7a4f143064488da5d549be6bfc3f2579e5044cac61f5c92edd4", size = 264118, upload-time = "2025-09-01T22:08:30.388Z" },
    { url = "https://files.pythonhosted.org/packages/ad/e0/8adc550d7169df1d6b9be8ff6019cda5291054a0107760c2f30788b6195f/regex-2025.9.1-cp311-cp311-win_amd64.whl", hash = "sha256:d34b901f6f2f02ef60f4ad3855d3a02378c65b094efc4b80388a3aeb700a5de7", size = 276151, upload-time = "2025-09-01T22:08:32.073Z" },
    { url = "https://files.pythonhosted.org/packages/cb/bd/46fef29341396d955066e55384fb93b0be7d64693842bf4a9a398db6e555/regex-2025.9.1-cp311-cp311-win_arm64.whl", hash = "sha256:47d7c2dab7e0b95b95fd580087b6ae196039d62306a592fa4e162e49004b6299", size = 268460, upload-time = "2025-09-01T22:08:33.281Z" },
    { url = "https://files.pythonhosted.org/packages/39/ef/a0372febc5a1d44c1be75f35d7e5aff40c659ecde864d7fa10e138f75e74/regex-2025.9.1-cp312-cp312-macosx_10_13_universal2.whl", hash = "sha256:84a25164bd8dcfa9f11c53f561ae9766e506e580b70279d05a7946510bdd6f6a", size = 486317, upload-time = "2025-09-01T22:08:34.529Z" },
    { url = "https://files.pythonhosted.org/packages/b5/25/d64543fb7eb41a1024786d518cc57faf1ce64aa6e9ddba097675a0c2f1d2/regex-2025.9.1-cp312-cp312-macosx_10_13_x86_64.whl", hash = "sha256:645e88a73861c64c1af558dd12294fb4e67b5c1eae0096a60d7d8a2143a611c7", size = 289698, upload-time = "2025-09-01T22:08:36.162Z" },
    { url = "https://files.pythonhosted.org/packages/d8/dc/fbf31fc60be317bd9f6f87daa40a8a9669b3b392aa8fe4313df0a39d0722/regex-2025.9.1-cp312-cp312-macosx_11_0_arm64.whl", hash = "sha256:10a450cba5cd5409526ee1d4449f42aad38dd83ac6948cbd6d7f71ca7018f7db", size = 287242, upload-time = "2025-09-01T22:08:37.794Z" },
    { url = "https://files.pythonhosted.org/packages/0f/74/f933a607a538f785da5021acf5323961b4620972e2c2f1f39b6af4b71db7/regex-2025.9.1-cp312-cp312-manylinux2014_aarch64.manylinux_2_17_aarch64.manylinux_2_28_aarch64.whl", hash = "sha256:e9dc5991592933a4192c166eeb67b29d9234f9c86344481173d1bc52f73a7104", size = 797441, upload-time = "2025-09-01T22:08:39.108Z" },
    { url = "https://files.pythonhosted.org/packages/89/d0/71fc49b4f20e31e97f199348b8c4d6e613e7b6a54a90eb1b090c2b8496d7/regex-2025.9.1-cp312-cp312-manylinux2014_ppc64le.manylinux_2_17_ppc64le.manylinux_2_28_ppc64le.whl", hash = "sha256:a32291add816961aab472f4fad344c92871a2ee33c6c219b6598e98c1f0108f2", size = 862654, upload-time = "2025-09-01T22:08:40.586Z" },
    { url = "https://files.pythonhosted.org/packages/59/05/984edce1411a5685ba9abbe10d42cdd9450aab4a022271f9585539788150/regex-2025.9.1-cp312-cp312-manylinux2014_s390x.manylinux_2_17_s390x.manylinux_2_28_s390x.whl", hash = "sha256:588c161a68a383478e27442a678e3b197b13c5ba51dbba40c1ccb8c4c7bee9e9", size = 910862, upload-time = "2025-09-01T22:08:42.416Z" },
    { url = "https://files.pythonhosted.org/packages/b2/02/5c891bb5fe0691cc1bad336e3a94b9097fbcf9707ec8ddc1dce9f0397289/regex-2025.9.1-cp312-cp312-manylinux2014_x86_64.manylinux_2_17_x86_64.manylinux_2_28_x86_64.whl", hash = "sha256:47829ffaf652f30d579534da9085fe30c171fa2a6744a93d52ef7195dc38218b", size = 801991, upload-time = "2025-09-01T22:08:44.072Z" },
    { url = "https://files.pythonhosted.org/packages/f1/ae/fd10d6ad179910f7a1b3e0a7fde1ef8bb65e738e8ac4fd6ecff3f52252e4/regex-2025.9.1-cp312-cp312-musllinux_1_2_aarch64.whl", hash = "sha256:1e978e5a35b293ea43f140c92a3269b6ab13fe0a2bf8a881f7ac740f5a6ade85", size = 786651, upload-time = "2025-09-01T22:08:46.079Z" },
    { url = "https://files.pythonhosted.org/packages/30/cf/9d686b07bbc5bf94c879cc168db92542d6bc9fb67088d03479fef09ba9d3/regex-2025.9.1-cp312-cp312-musllinux_1_2_ppc64le.whl", hash = "sha256:4cf09903e72411f4bf3ac1eddd624ecfd423f14b2e4bf1c8b547b72f248b7bf7", size = 856556, upload-time = "2025-09-01T22:08:48.376Z" },
    { url = "https://files.pythonhosted.org/packages/91/9d/302f8a29bb8a49528abbab2d357a793e2a59b645c54deae0050f8474785b/regex-2025.9.1-cp312-cp312-musllinux_1_2_s390x.whl", hash = "sha256:d016b0f77be63e49613c9e26aaf4a242f196cd3d7a4f15898f5f0ab55c9b24d2", size = 849001, upload-time = "2025-09-01T22:08:50.067Z" },
    { url = "https://files.pythonhosted.org/packages/93/fa/b4c6dbdedc85ef4caec54c817cd5f4418dbfa2453214119f2538082bf666/regex-2025.9.1-cp312-cp312-musllinux_1_2_x86_64.whl", hash = "sha256:656563e620de6908cd1c9d4f7b9e0777e3341ca7db9d4383bcaa44709c90281e", size = 788138, upload-time = "2025-09-01T22:08:51.933Z" },
    { url = "https://files.pythonhosted.org/packages/4a/1b/91ee17a3cbf87f81e8c110399279d0e57f33405468f6e70809100f2ff7d8/regex-2025.9.1-cp312-cp312-win32.whl", hash = "sha256:df33f4ef07b68f7ab637b1dbd70accbf42ef0021c201660656601e8a9835de45", size = 264524, upload-time = "2025-09-01T22:08:53.75Z" },
    { url = "https://files.pythonhosted.org/packages/92/28/6ba31cce05b0f1ec6b787921903f83bd0acf8efde55219435572af83c350/regex-2025.9.1-cp312-cp312-win_amd64.whl", hash = "sha256:5aba22dfbc60cda7c0853516104724dc904caa2db55f2c3e6e984eb858d3edf3", size = 275489, upload-time = "2025-09-01T22:08:55.037Z" },
    { url = "https://files.pythonhosted.org/packages/bd/ed/ea49f324db00196e9ef7fe00dd13c6164d5173dd0f1bbe495e61bb1fb09d/regex-2025.9.1-cp312-cp312-win_arm64.whl", hash = "sha256:ec1efb4c25e1849c2685fa95da44bfde1b28c62d356f9c8d861d4dad89ed56e9", size = 268589, upload-time = "2025-09-01T22:08:56.369Z" },
    { url = "https://files.pythonhosted.org/packages/98/25/b2959ce90c6138c5142fe5264ee1f9b71a0c502ca4c7959302a749407c79/regex-2025.9.1-cp313-cp313-macosx_10_13_universal2.whl", hash = "sha256:bc6834727d1b98d710a63e6c823edf6ffbf5792eba35d3fa119531349d4142ef", size = 485932, upload-time = "2025-09-01T22:08:57.913Z" },
    { url = "https://files.pythonhosted.org/packages/49/2e/6507a2a85f3f2be6643438b7bd976e67ad73223692d6988eb1ff444106d3/regex-2025.9.1-cp313-cp313-macosx_10_13_x86_64.whl", hash = "sha256:c3dc05b6d579875719bccc5f3037b4dc80433d64e94681a0061845bd8863c025", size = 289568, upload-time = "2025-09-01T22:08:59.258Z" },
    { url = "https://files.pythonhosted.org/packages/c7/d8/de4a4b57215d99868f1640e062a7907e185ec7476b4b689e2345487c1ff4/regex-2025.9.1-cp313-cp313-macosx_11_0_arm64.whl", hash = "sha256:22213527df4c985ec4a729b055a8306272d41d2f45908d7bacb79be0fa7a75ad", size = 286984, upload-time = "2025-09-01T22:09:00.835Z" },
    { url = "https://files.pythonhosted.org/packages/03/15/e8cb403403a57ed316e80661db0e54d7aa2efcd85cb6156f33cc18746922/regex-2025.9.1-cp313-cp313-manylinux2014_aarch64.manylinux_2_17_aarch64.manylinux_2_28_aarch64.whl", hash = "sha256:8e3f6e3c5a5a1adc3f7ea1b5aec89abfc2f4fbfba55dafb4343cd1d084f715b2", size = 797514, upload-time = "2025-09-01T22:09:02.538Z" },
    { url = "https://files.pythonhosted.org/packages/e4/26/2446f2b9585fed61faaa7e2bbce3aca7dd8df6554c32addee4c4caecf24a/regex-2025.9.1-cp313-cp313-manylinux2014_ppc64le.manylinux_2_17_ppc64le.manylinux_2_28_ppc64le.whl", hash = "sha256:bcb89c02a0d6c2bec9b0bb2d8c78782699afe8434493bfa6b4021cc51503f249", size = 862586, upload-time = "2025-09-01T22:09:04.322Z" },
    { url = "https://files.pythonhosted.org/packages/fd/b8/82ffbe9c0992c31bbe6ae1c4b4e21269a5df2559102b90543c9b56724c3c/regex-2025.9.1-cp313-cp313-manylinux2014_s390x.manylinux_2_17_s390x.manylinux_2_28_s390x.whl", hash = "sha256:b0e2f95413eb0c651cd1516a670036315b91b71767af83bc8525350d4375ccba", size = 910815, upload-time = "2025-09-01T22:09:05.978Z" },
    { url = "https://files.pythonhosted.org/packages/2f/d8/7303ea38911759c1ee30cc5bc623ee85d3196b733c51fd6703c34290a8d9/regex-2025.9.1-cp313-cp313-manylinux2014_x86_64.manylinux_2_17_x86_64.manylinux_2_28_x86_64.whl", hash = "sha256:09a41dc039e1c97d3c2ed3e26523f748e58c4de3ea7a31f95e1cf9ff973fff5a", size = 802042, upload-time = "2025-09-01T22:09:07.865Z" },
    { url = "https://files.pythonhosted.org/packages/fc/0e/6ad51a55ed4b5af512bb3299a05d33309bda1c1d1e1808fa869a0bed31bc/regex-2025.9.1-cp313-cp313-musllinux_1_2_aarch64.whl", hash = "sha256:4f0b4258b161094f66857a26ee938d3fe7b8a5063861e44571215c44fbf0e5df", size = 786764, upload-time = "2025-09-01T22:09:09.362Z" },
    { url = "https://files.pythonhosted.org/packages/8d/d5/394e3ffae6baa5a9217bbd14d96e0e5da47bb069d0dbb8278e2681a2b938/regex-2025.9.1-cp313-cp313-musllinux_1_2_ppc64le.whl", hash = "sha256:bf70e18ac390e6977ea7e56f921768002cb0fa359c4199606c7219854ae332e0", size = 856557, upload-time = "2025-09-01T22:09:11.129Z" },
    { url = "https://files.pythonhosted.org/packages/cd/80/b288d3910c41194ad081b9fb4b371b76b0bbfdce93e7709fc98df27b37dc/regex-2025.9.1-cp313-cp313-musllinux_1_2_s390x.whl", hash = "sha256:b84036511e1d2bb0a4ff1aec26951caa2dea8772b223c9e8a19ed8885b32dbac", size = 849108, upload-time = "2025-09-01T22:09:12.877Z" },
    { url = "https://files.pythonhosted.org/packages/d1/cd/5ec76bf626d0d5abdc277b7a1734696f5f3d14fbb4a3e2540665bc305d85/regex-2025.9.1-cp313-cp313-musllinux_1_2_x86_64.whl", hash = "sha256:c2e05dcdfe224047f2a59e70408274c325d019aad96227ab959403ba7d58d2d7", size = 788201, upload-time = "2025-09-01T22:09:14.561Z" },
    { url = "https://files.pythonhosted.org/packages/b5/36/674672f3fdead107565a2499f3007788b878188acec6d42bc141c5366c2c/regex-2025.9.1-cp313-cp313-win32.whl", hash = "sha256:3b9a62107a7441b81ca98261808fed30ae36ba06c8b7ee435308806bd53c1ed8", size = 264508, upload-time = "2025-09-01T22:09:16.193Z" },
    { url = "https://files.pythonhosted.org/packages/83/ad/931134539515eb64ce36c24457a98b83c1b2e2d45adf3254b94df3735a76/regex-2025.9.1-cp313-cp313-win_amd64.whl", hash = "sha256:b38afecc10c177eb34cfae68d669d5161880849ba70c05cbfbe409f08cc939d7", size = 275469, upload-time = "2025-09-01T22:09:17.462Z" },
    { url = "https://files.pythonhosted.org/packages/24/8c/96d34e61c0e4e9248836bf86d69cb224fd222f270fa9045b24e218b65604/regex-2025.9.1-cp313-cp313-win_arm64.whl", hash = "sha256:ec329890ad5e7ed9fc292858554d28d58d56bf62cf964faf0aa57964b21155a0", size = 268586, upload-time = "2025-09-01T22:09:18.948Z" },
    { url = "https://files.pythonhosted.org/packages/21/b1/453cbea5323b049181ec6344a803777914074b9726c9c5dc76749966d12d/regex-2025.9.1-cp314-cp314-macosx_10_13_universal2.whl", hash = "sha256:72fb7a016467d364546f22b5ae86c45680a4e0de6b2a6f67441d22172ff641f1", size = 486111, upload-time = "2025-09-01T22:09:20.734Z" },
    { url = "https://files.pythonhosted.org/packages/f6/0e/92577f197bd2f7652c5e2857f399936c1876978474ecc5b068c6d8a79c86/regex-2025.9.1-cp314-cp314-macosx_10_13_x86_64.whl", hash = "sha256:c9527fa74eba53f98ad86be2ba003b3ebe97e94b6eb2b916b31b5f055622ef03", size = 289520, upload-time = "2025-09-01T22:09:22.249Z" },
    { url = "https://files.pythonhosted.org/packages/af/c6/b472398116cca7ea5a6c4d5ccd0fc543f7fd2492cb0c48d2852a11972f73/regex-2025.9.1-cp314-cp314-macosx_11_0_arm64.whl", hash = "sha256:c905d925d194c83a63f92422af7544ec188301451b292c8b487f0543726107ca", size = 287215, upload-time = "2025-09-01T22:09:23.657Z" },
    { url = "https://files.pythonhosted.org/packages/cf/11/f12ecb0cf9ca792a32bb92f758589a84149017467a544f2f6bfb45c0356d/regex-2025.9.1-cp314-cp314-manylinux2014_aarch64.manylinux_2_17_aarch64.manylinux_2_28_aarch64.whl", hash = "sha256:74df7c74a63adcad314426b1f4ea6054a5ab25d05b0244f0c07ff9ce640fa597", size = 797855, upload-time = "2025-09-01T22:09:25.197Z" },
    { url = "https://files.pythonhosted.org/packages/46/88/bbb848f719a540fb5997e71310f16f0b33a92c5d4b4d72d4311487fff2a3/regex-2025.9.1-cp314-cp314-manylinux2014_ppc64le.manylinux_2_17_ppc64le.manylinux_2_28_ppc64le.whl", hash = "sha256:4f6e935e98ea48c7a2e8be44494de337b57a204470e7f9c9c42f912c414cd6f5", size = 863363, upload-time = "2025-09-01T22:09:26.705Z" },
    { url = "https://files.pythonhosted.org/packages/54/a9/2321eb3e2838f575a78d48e03c1e83ea61bd08b74b7ebbdeca8abc50fc25/regex-2025.9.1-cp314-cp314-manylinux2014_s390x.manylinux_2_17_s390x.manylinux_2_28_s390x.whl", hash = "sha256:4a62d033cd9ebefc7c5e466731a508dfabee827d80b13f455de68a50d3c2543d", size = 910202, upload-time = "2025-09-01T22:09:28.906Z" },
    { url = "https://files.pythonhosted.org/packages/33/07/d1d70835d7d11b7e126181f316f7213c4572ecf5c5c97bdbb969fb1f38a2/regex-2025.9.1-cp314-cp314-manylinux2014_x86_64.manylinux_2_17_x86_64.manylinux_2_28_x86_64.whl", hash = "sha256:ef971ebf2b93bdc88d8337238be4dfb851cc97ed6808eb04870ef67589415171", size = 801808, upload-time = "2025-09-01T22:09:30.733Z" },
    { url = "https://files.pythonhosted.org/packages/13/d1/29e4d1bed514ef2bf3a4ead3cb8bb88ca8af94130239a4e68aa765c35b1c/regex-2025.9.1-cp314-cp314-musllinux_1_2_aarch64.whl", hash = "sha256:d936a1db208bdca0eca1f2bb2c1ba1d8370b226785c1e6db76e32a228ffd0ad5", size = 786824, upload-time = "2025-09-01T22:09:32.61Z" },
    { url = "https://files.pythonhosted.org/packages/33/27/20d8ccb1bee460faaa851e6e7cc4cfe852a42b70caa1dca22721ba19f02f/regex-2025.9.1-cp314-cp314-musllinux_1_2_ppc64le.whl", hash = "sha256:7e786d9e4469698fc63815b8de08a89165a0aa851720eb99f5e0ea9d51dd2b6a", size = 857406, upload-time = "2025-09-01T22:09:34.117Z" },
    { url = "https://files.pythonhosted.org/packages/74/fe/60c6132262dc36430d51e0c46c49927d113d3a38c1aba6a26c7744c84cf3/regex-2025.9.1-cp314-cp314-musllinux_1_2_s390x.whl", hash = "sha256:6b81d7dbc5466ad2c57ce3a0ddb717858fe1a29535c8866f8514d785fdb9fc5b", size = 848593, upload-time = "2025-09-01T22:09:35.598Z" },
    { url = "https://files.pythonhosted.org/packages/cc/ae/2d4ff915622fabbef1af28387bf71e7f2f4944a348b8460d061e85e29bf0/regex-2025.9.1-cp314-cp314-musllinux_1_2_x86_64.whl", hash = "sha256:cd4890e184a6feb0ef195338a6ce68906a8903a0f2eb7e0ab727dbc0a3156273", size = 787951, upload-time = "2025-09-01T22:09:37.139Z" },
    { url = "https://files.pythonhosted.org/packages/85/37/dc127703a9e715a284cc2f7dbdd8a9776fd813c85c126eddbcbdd1ca5fec/regex-2025.9.1-cp314-cp314-win32.whl", hash = "sha256:34679a86230e46164c9e0396b56cab13c0505972343880b9e705083cc5b8ec86", size = 269833, upload-time = "2025-09-01T22:09:39.245Z" },
    { url = "https://files.pythonhosted.org/packages/83/bf/4bed4d3d0570e16771defd5f8f15f7ea2311edcbe91077436d6908956c4a/regex-2025.9.1-cp314-cp314-win_amd64.whl", hash = "sha256:a1196e530a6bfa5f4bde029ac5b0295a6ecfaaffbfffede4bbaf4061d9455b70", size = 278742, upload-time = "2025-09-01T22:09:40.651Z" },
    { url = "https://files.pythonhosted.org/packages/cf/3e/7d7ac6fd085023312421e0d69dfabdfb28e116e513fadbe9afe710c01893/regex-2025.9.1-cp314-cp314-win_arm64.whl", hash = "sha256:f46d525934871ea772930e997d577d48c6983e50f206ff7b66d4ac5f8941e993", size = 271860, upload-time = "2025-09-01T22:09:42.413Z" },
]

[[package]]
name = "ruff"
version = "0.12.11"
source = { registry = "https://pypi.org/simple" }
sdist = { url = "https://files.pythonhosted.org/packages/de/55/16ab6a7d88d93001e1ae4c34cbdcfb376652d761799459ff27c1dc20f6fa/ruff-0.12.11.tar.gz", hash = "sha256:c6b09ae8426a65bbee5425b9d0b82796dbb07cb1af045743c79bfb163001165d", size = 5347103, upload-time = "2025-08-28T13:59:08.87Z" }
wheels = [
    { url = "https://files.pythonhosted.org/packages/d6/a2/3b3573e474de39a7a475f3fbaf36a25600bfeb238e1a90392799163b64a0/ruff-0.12.11-py3-none-linux_armv6l.whl", hash = "sha256:93fce71e1cac3a8bf9200e63a38ac5c078f3b6baebffb74ba5274fb2ab276065", size = 11979885, upload-time = "2025-08-28T13:58:26.654Z" },
    { url = "https://files.pythonhosted.org/packages/76/e4/235ad6d1785a2012d3ded2350fd9bc5c5af8c6f56820e696b0118dfe7d24/ruff-0.12.11-py3-none-macosx_10_12_x86_64.whl", hash = "sha256:b8e33ac7b28c772440afa80cebb972ffd823621ded90404f29e5ab6d1e2d4b93", size = 12742364, upload-time = "2025-08-28T13:58:30.256Z" },
    { url = "https://files.pythonhosted.org/packages/2c/0d/15b72c5fe6b1e402a543aa9d8960e0a7e19dfb079f5b0b424db48b7febab/ruff-0.12.11-py3-none-macosx_11_0_arm64.whl", hash = "sha256:d69fb9d4937aa19adb2e9f058bc4fbfe986c2040acb1a4a9747734834eaa0bfd", size = 11920111, upload-time = "2025-08-28T13:58:33.677Z" },
    { url = "https://files.pythonhosted.org/packages/3e/c0/f66339d7893798ad3e17fa5a1e587d6fd9806f7c1c062b63f8b09dda6702/ruff-0.12.11-py3-none-manylinux_2_17_aarch64.manylinux2014_aarch64.whl", hash = "sha256:411954eca8464595077a93e580e2918d0a01a19317af0a72132283e28ae21bee", size = 12160060, upload-time = "2025-08-28T13:58:35.74Z" },
    { url = "https://files.pythonhosted.org/packages/03/69/9870368326db26f20c946205fb2d0008988aea552dbaec35fbacbb46efaa/ruff-0.12.11-py3-none-manylinux_2_17_armv7l.manylinux2014_armv7l.whl", hash = "sha256:6a2c0a2e1a450f387bf2c6237c727dd22191ae8c00e448e0672d624b2bbd7fb0", size = 11799848, upload-time = "2025-08-28T13:58:38.051Z" },
    { url = "https://files.pythonhosted.org/packages/25/8c/dd2c7f990e9b3a8a55eee09d4e675027d31727ce33cdb29eab32d025bdc9/ruff-0.12.11-py3-none-manylinux_2_17_i686.manylinux2014_i686.whl", hash = "sha256:8ca4c3a7f937725fd2413c0e884b5248a19369ab9bdd850b5781348ba283f644", size = 13536288, upload-time = "2025-08-28T13:58:40.046Z" },
    { url = "https://files.pythonhosted.org/packages/7a/30/d5496fa09aba59b5e01ea76775a4c8897b13055884f56f1c35a4194c2297/ruff-0.12.11-py3-none-manylinux_2_17_ppc64.manylinux2014_ppc64.whl", hash = "sha256:4d1df0098124006f6a66ecf3581a7f7e754c4df7644b2e6704cd7ca80ff95211", size = 14490633, upload-time = "2025-08-28T13:58:42.285Z" },
    { url = "https://files.pythonhosted.org/packages/9b/2f/81f998180ad53445d403c386549d6946d0748e536d58fce5b5e173511183/ruff-0.12.11-py3-none-manylinux_2_17_ppc64le.manylinux2014_ppc64le.whl", hash = "sha256:5a8dd5f230efc99a24ace3b77e3555d3fbc0343aeed3fc84c8d89e75ab2ff793", size = 13888430, upload-time = "2025-08-28T13:58:44.641Z" },
    { url = "https://files.pythonhosted.org/packages/87/71/23a0d1d5892a377478c61dbbcffe82a3476b050f38b5162171942a029ef3/ruff-0.12.11-py3-none-manylinux_2_17_s390x.manylinux2014_s390x.whl", hash = "sha256:4dc75533039d0ed04cd33fb8ca9ac9620b99672fe7ff1533b6402206901c34ee", size = 12913133, upload-time = "2025-08-28T13:58:47.039Z" },
    { url = "https://files.pythonhosted.org/packages/80/22/3c6cef96627f89b344c933781ed38329bfb87737aa438f15da95907cbfd5/ruff-0.12.11-py3-none-manylinux_2_17_x86_64.manylinux2014_x86_64.whl", hash = "sha256:4fc58f9266d62c6eccc75261a665f26b4ef64840887fc6cbc552ce5b29f96cc8", size = 13169082, upload-time = "2025-08-28T13:58:49.157Z" },
    { url = "https://files.pythonhosted.org/packages/05/b5/68b3ff96160d8b49e8dd10785ff3186be18fd650d356036a3770386e6c7f/ruff-0.12.11-py3-none-manylinux_2_31_riscv64.whl", hash = "sha256:5a0113bd6eafd545146440225fe60b4e9489f59eb5f5f107acd715ba5f0b3d2f", size = 13139490, upload-time = "2025-08-28T13:58:51.593Z" },
    { url = "https://files.pythonhosted.org/packages/59/b9/050a3278ecd558f74f7ee016fbdf10591d50119df8d5f5da45a22c6afafc/ruff-0.12.11-py3-none-musllinux_1_2_aarch64.whl", hash = "sha256:0d737b4059d66295c3ea5720e6efc152623bb83fde5444209b69cd33a53e2000", size = 11958928, upload-time = "2025-08-28T13:58:53.943Z" },
    { url = "https://files.pythonhosted.org/packages/f9/bc/93be37347db854806904a43b0493af8d6873472dfb4b4b8cbb27786eb651/ruff-0.12.11-py3-none-musllinux_1_2_armv7l.whl", hash = "sha256:916fc5defee32dbc1fc1650b576a8fed68f5e8256e2180d4d9855aea43d6aab2", size = 11764513, upload-time = "2025-08-28T13:58:55.976Z" },
    { url = "https://files.pythonhosted.org/packages/7a/a1/1471751e2015a81fd8e166cd311456c11df74c7e8769d4aabfbc7584c7ac/ruff-0.12.11-py3-none-musllinux_1_2_i686.whl", hash = "sha256:c984f07d7adb42d3ded5be894fb4007f30f82c87559438b4879fe7aa08c62b39", size = 12745154, upload-time = "2025-08-28T13:58:58.16Z" },
    { url = "https://files.pythonhosted.org/packages/68/ab/2542b14890d0f4872dd81b7b2a6aed3ac1786fae1ce9b17e11e6df9e31e3/ruff-0.12.11-py3-none-musllinux_1_2_x86_64.whl", hash = "sha256:e07fbb89f2e9249f219d88331c833860489b49cdf4b032b8e4432e9b13e8a4b9", size = 13227653, upload-time = "2025-08-28T13:59:00.276Z" },
    { url = "https://files.pythonhosted.org/packages/22/16/2fbfc61047dbfd009c58a28369a693a1484ad15441723be1cd7fe69bb679/ruff-0.12.11-py3-none-win32.whl", hash = "sha256:c792e8f597c9c756e9bcd4d87cf407a00b60af77078c96f7b6366ea2ce9ba9d3", size = 11944270, upload-time = "2025-08-28T13:59:02.347Z" },
    { url = "https://files.pythonhosted.org/packages/08/a5/34276984705bfe069cd383101c45077ee029c3fe3b28225bf67aa35f0647/ruff-0.12.11-py3-none-win_amd64.whl", hash = "sha256:a3283325960307915b6deb3576b96919ee89432ebd9c48771ca12ee8afe4a0fd", size = 13046600, upload-time = "2025-08-28T13:59:04.751Z" },
    { url = "https://files.pythonhosted.org/packages/84/a8/001d4a7c2b37623a3fd7463208267fb906df40ff31db496157549cfd6e72/ruff-0.12.11-py3-none-win_arm64.whl", hash = "sha256:bae4d6e6a2676f8fb0f98b74594a048bae1b944aab17e9f5d504062303c6dbea", size = 12135290, upload-time = "2025-08-28T13:59:06.933Z" },
]

[[package]]
name = "unicodedata2"
version = "16.0.0"
source = { registry = "https://pypi.org/simple" }
sdist = { url = "https://files.pythonhosted.org/packages/8c/c6/f1aa23ed42259789c1c9bdeac219bfe72cc3046c3fc39ad3155705f81d9b/unicodedata2-16.0.0.tar.gz", hash = "sha256:05488d6592b59cd78b61ec37d38725416b2df62efafa6a0d63a631b27aa474fc", size = 672155, upload-time = "2025-01-11T11:59:45.548Z" }
wheels = [
    { url = "https://files.pythonhosted.org/packages/4e/28/e8c98a8cfe0338fd20768600aa87e460e863984dc03e07b57deeb2a990fa/unicodedata2-16.0.0-cp311-cp311-macosx_10_9_universal2.whl", hash = "sha256:94f6cd7acc8177b3bba46cc605bcc586df1e7a8d0b1a59c0663ba6b8a2c65861", size = 963405, upload-time = "2025-01-11T11:58:12.183Z" },
    { url = "https://files.pythonhosted.org/packages/ef/bf/8b4caa3b3f4ea377cbebe3d05c07477647673b8816e28420e831b82feb1e/unicodedata2-16.0.0-cp311-cp311-macosx_11_0_arm64.whl", hash = "sha256:95b36de92a05eadf74ea35130440e5748985f358ec9503eeaad7685a707d75f2", size = 489323, upload-time = "2025-01-11T11:58:14.604Z" },
    { url = "https://files.pythonhosted.org/packages/07/bd/0d7aed7b6c9c53bcb3867d7a8ce7e43ba21a69584638cdfdb65129e8ef23/unicodedata2-16.0.0-cp311-cp311-manylinux_2_17_x86_64.manylinux2014_x86_64.whl", hash = "sha256:38e5effb78231cbc790ac9417d07735b7a61686ecd0f5d7464efd6950944f9b3", size = 526269, upload-time = "2025-01-11T11:58:16.27Z" },
    { url = "https://files.pythonhosted.org/packages/aa/cd/cc73fca6314ef065140c621a2003720e9e62ac3a7a0c4e4c90d97b537b0d/unicodedata2-16.0.0-cp311-cp311-musllinux_1_2_x86_64.whl", hash = "sha256:b4bae57b986fd7a4cd0e8fed94abc2787e82d29d8f3cdd535a2cd5196b7a627a", size = 525373, upload-time = "2025-01-11T11:58:18.696Z" },
    { url = "https://files.pythonhosted.org/packages/2b/93/d63d8342433800cbb8f76bcd00b232bdc0cc4607329669ef19162f77e47e/unicodedata2-16.0.0-cp311-cp311-win32.whl", hash = "sha256:948355325d4e6f5ea7440760455f688c1c14c6ac49086321fbbc8d631392b5ce", size = 479186, upload-time = "2025-01-11T11:58:19.841Z" },
    { url = "https://files.pythonhosted.org/packages/05/f1/4cd428aa54663ee904def7185d1a10f224076ca334a19cb0224211eeeab8/unicodedata2-16.0.0-cp311-cp311-win_amd64.whl", hash = "sha256:6460fae678ad4216d6c316f065d51614b8480456d4b77a1d7649533a062db515", size = 479594, upload-time = "2025-01-11T11:58:22.203Z" },
    { url = "https://files.pythonhosted.org/packages/57/9d/e7876176bd6cf6df66c81b812559118ac8bf59e321883c2ef1634130d2f4/unicodedata2-16.0.0-cp312-cp312-macosx_10_13_universal2.whl", hash = "sha256:84ee7515900913105c3382ca7624cfa9e1199f64b80ee8cf9626b4e2786a2e09", size = 963513, upload-time = "2025-01-11T11:58:23.481Z" },
    { url = "https://files.pythonhosted.org/packages/e7/de/179828c64de38a9c44f626b1990c044640c79efdf672060c6579b2485ecb/unicodedata2-16.0.0-cp312-cp312-macosx_11_0_arm64.whl", hash = "sha256:716f6522c6768f40a20c9e4559d68df9df84aca59a28335aa15a6ee3650a925e", size = 489355, upload-time = "2025-01-11T11:58:25.814Z" },
    { url = "https://files.pythonhosted.org/packages/1a/22/3714f83fa32862ddcc21b501ee7d4588f5eebaf32f4a3517e2fa6639a61e/unicodedata2-16.0.0-cp312-cp312-manylinux_2_17_x86_64.manylinux2014_x86_64.whl", hash = "sha256:c042613e639dfb21ed024bf39079fe560974083efc5f14ae6efe0241fdfe0275", size = 526783, upload-time = "2025-01-11T11:58:26.997Z" },
    { url = "https://files.pythonhosted.org/packages/19/d4/560d59720db30f86795a2f1a67857c53f1c12757e44967ba91126062f099/unicodedata2-16.0.0-cp312-cp312-musllinux_1_2_x86_64.whl", hash = "sha256:0c8902a6c194bbff878e0553e634c36267bb8a6a00ea2f9ce03f14feb5877ac5", size = 525841, upload-time = "2025-01-11T11:58:28.221Z" },
    { url = "https://files.pythonhosted.org/packages/1f/11/63fff30d6c97aef9444c28d22073970547aebe42138061dd30078c810e52/unicodedata2-16.0.0-cp312-cp312-win32.whl", hash = "sha256:676525702833b6b4fa1d2e8e5cd4f8e67e2b1c079eb2648042b259c4809e61aa", size = 479195, upload-time = "2025-01-11T11:58:29.938Z" },
    { url = "https://files.pythonhosted.org/packages/83/d0/3329b81cacc6aa15e738d917c2416937c9d59d38810a9fb3b3d238761a12/unicodedata2-16.0.0-cp312-cp312-win_amd64.whl", hash = "sha256:91c1f940bae6b39bc3dc9892ff0cc61de813f6d3b280775713219aaaab798210", size = 479564, upload-time = "2025-01-11T11:58:32.262Z" },
    { url = "https://files.pythonhosted.org/packages/48/29/08bc9926673b02e43307c844b7df2ef06aa0ebe414c3ce3697b8fbd33eac/unicodedata2-16.0.0-cp313-cp313-macosx_10_13_universal2.whl", hash = "sha256:67fe65dc2a7759469f98ab34315788f597259bfd2b50c47ab58f4c1337ecd95b", size = 963524, upload-time = "2025-01-11T11:58:34.804Z" },
    { url = "https://files.pythonhosted.org/packages/7d/fd/688c4219c53cfe4cf742c1418f2ec1d8fe1fb42846e7aba0652c2e7cf740/unicodedata2-16.0.0-cp313-cp313-macosx_11_0_arm64.whl", hash = "sha256:82d88dbf353dd3b785249278d6c4b4f9bbe10f65f3b60619ad94e5d3012802ac", size = 489369, upload-time = "2025-01-11T11:58:36.041Z" },
    { url = "https://files.pythonhosted.org/packages/26/ef/f96d6eaf9e63e630f84b452fff95d9aec7b9590bcdb94ca3bce8a3420405/unicodedata2-16.0.0-cp313-cp313-manylinux_2_17_x86_64.manylinux2014_x86_64.whl", hash = "sha256:64fc29fd4ea52946d6105bcf1fdb42198658de2ec0bd13b996390396454437a6", size = 526672, upload-time = "2025-01-11T11:58:40.288Z" },
    { url = "https://files.pythonhosted.org/packages/3f/34/0846e4c2e30ef8933f9bb7e430a78914ca58d8bc8f64d39caba89e13cdf1/unicodedata2-16.0.0-cp313-cp313-musllinux_1_2_x86_64.whl", hash = "sha256:1ca0a62c22dec4a76ee928cb4ca54166b986fbec150dc656890b3b2fc2fa2473", size = 525882, upload-time = "2025-01-11T11:58:42.697Z" },
    { url = "https://files.pythonhosted.org/packages/f6/07/a6543f9bb04177c571d00aa1544f6c1d86204c835e14219223f6f645de90/unicodedata2-16.0.0-cp313-cp313-win32.whl", hash = "sha256:5600f14cc73658a4d0d39c40484ae614045359021975d50ffb321aa4e3f91e06", size = 479188, upload-time = "2025-01-11T11:58:43.905Z" },
    { url = "https://files.pythonhosted.org/packages/71/65/6017f3c06789fb128fe5cdad0946facf6eeba5174f15c69debf9b5e79873/unicodedata2-16.0.0-cp313-cp313-win_amd64.whl", hash = "sha256:4c31fd7ac232a742e14afd03c77077eb0b4b48958ed7b2ceb304c030f221613d", size = 479563, upload-time = "2025-01-11T11:58:46.596Z" },
]
